
Microsoft Visual Studio Solution File, Format Version 12.00
# Visual Studio Version 17
VisualStudioVersion = 17.12.35527.113 d17.12
MinimumVisualStudioVersion = 10.0.40219.1
Project("{FAE04EC0-301F-11D3-BF4B-00C04F79EFBC}") = "AspNetMvc", "AspNetMvc\AspNetMvc.csproj", "{1D1DF5FC-14EC-40AE-BFF8-039308C2F13D}"
EndProject
Project("{2150E333-8FDC-42A3-9474-1A3956D46DE8}") = "Solution Items", "Solution Items", "{08520F7B-7591-471F-B746-0688F03C08C4}"
	ProjectSection(SolutionItems) = preProject
		readme.md = readme.md
	EndProjectSection
EndProject
Global
	GlobalSection(SolutionConfigurationPlatforms) = preSolution
		Debug|Any CPU = Debug|Any CPU
		Release|Any CPU = Release|Any CPU
	EndGlobalSection
	GlobalSection(ProjectConfigurationPlatforms) = postSolution
		{1D1DF5FC-14EC-40AE-BFF8-039308C2F13D}.Debug|Any CPU.ActiveCfg = Debug|Any CPU
		{1D1DF5FC-14EC-40AE-BFF8-039308C2F13D}.Debug|Any CPU.Build.0 = Debug|Any CPU
		{1D1DF5FC-14EC-40AE-BFF8-039308C2F13D}.Release|Any CPU.ActiveCfg = Release|Any CPU
		{1D1DF5FC-14EC-40AE-BFF8-039308C2F13D}.Release|Any CPU.Build.0 = Release|Any CPU
	EndGlobalSection
	GlobalSection(SolutionProperties) = preSolution
		HideSolutionNode = FALSE
	EndGlobalSection
	GlobalSection(ExtensibilityGlobals) = postSolution
		SolutionGuid = {BB1FB087-432C-4671-8959-C28B1FD03A6C}
	EndGlobalSection
EndGlobal
