
Microsoft Visual Studio Solution File, Format Version 12.00
# Visual Studio Version 17
VisualStudioVersion = 17.4.33403.182
MinimumVisualStudioVersion = 10.0.40219.1
Project("{FAE04EC0-301F-11D3-BF4B-00C04F79EFBC}") = "Medrio.AuditLog.MessagePusher", "Medrio.AuditLog.MessagePusher\Medrio.AuditLog.MessagePusher.csproj", "{8FF119D3-6AC2-411C-A88B-CC8F88762D3A}"
EndProject
Global
	GlobalSection(SolutionConfigurationPlatforms) = preSolution
		Debug|Any CPU = Debug|Any CPU
		Release|Any CPU = Release|Any CPU
	EndGlobalSection
	GlobalSection(ProjectConfigurationPlatforms) = postSolution
		{8FF119D3-6AC2-411C-A88B-CC8F88762D3A}.Debug|Any CPU.ActiveCfg = Debug|Any CPU
		{8FF119D3-6AC2-411C-A88B-CC8F88762D3A}.Debug|Any CPU.Build.0 = Debug|Any CPU
		{8FF119D3-6AC2-411C-A88B-CC8F88762D3A}.Release|Any CPU.ActiveCfg = Release|Any CPU
		{8FF119D3-6AC2-411C-A88B-CC8F88762D3A}.Release|Any CPU.Build.0 = Release|Any CPU
	EndGlobalSection
	GlobalSection(SolutionProperties) = preSolution
		HideSolutionNode = FALSE
	EndGlobalSection
	GlobalSection(ExtensibilityGlobals) = postSolution
		SolutionGuid = {DB0AC546-24B6-4292-B0ED-6EFFE18FE61E}
	EndGlobalSection
EndGlobal
