
Microsoft Visual Studio Solution File, Format Version 12.00
# Visual Studio Version 17
VisualStudioVersion = 17.5.002.0
MinimumVisualStudioVersion = 10.0.40219.1
Project("{9A19103F-16F7-4668-BE54-9A1E7A4F7556}") = "ElasticSearchConsole1", "ElasticSearchConsole1.csproj", "{1B858C87-1D55-48DC-B41E-E4A0587465A4}"
EndProject
Global
	GlobalSection(SolutionConfigurationPlatforms) = preSolution
		Debug|Any CPU = Debug|Any CPU
		Release|Any CPU = Release|Any CPU
	EndGlobalSection
	GlobalSection(ProjectConfigurationPlatforms) = postSolution
		{1B858C87-1D55-48DC-B41E-E4A0587465A4}.Debug|Any CPU.ActiveCfg = Debug|Any CPU
		{1B858C87-1D55-48DC-B41E-E4A0587465A4}.Debug|Any CPU.Build.0 = Debug|Any CPU
		{1B858C87-1D55-48DC-B41E-E4A0587465A4}.Release|Any CPU.ActiveCfg = Release|Any CPU
		{1B858C87-1D55-48DC-B41E-E4A0587465A4}.Release|Any CPU.Build.0 = Release|Any CPU
	EndGlobalSection
	GlobalSection(SolutionProperties) = preSolution
		HideSolutionNode = FALSE
	EndGlobalSection
	GlobalSection(ExtensibilityGlobals) = postSolution
		SolutionGuid = {957C67BC-7D95-4F56-AFE9-49E106914D18}
	EndGlobalSection
EndGlobal
