
Microsoft Visual Studio Solution File, Format Version 12.00
# Visual Studio Version 17
VisualStudioVersion = 17.4.33403.182
MinimumVisualStudioVersion = 10.0.40219.1
Project("{9A19103F-16F7-4668-BE54-9A1E7A4F7556}") = "Medrio.CspReport.GcpLogging", "Medrio.CspPeport.GcpLogging\Medrio.CspReport.GcpLogging.csproj", "{05F70C49-5E72-48C1-9042-E4F19127B5E8}"
EndProject
Project("{9A19103F-16F7-4668-BE54-9A1E7A4F7556}") = "Medrio.CspReport.Api", "Medrio.CspReport.Api\Medrio.CspReport.Api.csproj", "{40EFE0C6-94E4-4C48-B320-2214B03A45BC}"
EndProject
Project("{2150E333-8FDC-42A3-9474-1A3956D46DE8}") = "Build", "Build", "{2645B0EA-76D2-4C95-A54A-14EB252E5760}"
	ProjectSection(SolutionItems) = preProject
		Build\BuildAndPushDockierImage.ps1 = Build\BuildAndPushDockierImage.ps1
		Build\DeployToGcpCloudRun.ps1 = Build\DeployToGcpCloudRun.ps1
	EndProjectSection
EndProject
Project("{FAE04EC0-301F-11D3-BF4B-00C04F79EFBC}") = "Medrio.CspReport", "Medrio.CspReport\Medrio.CspReport.csproj", "{2A6A4F95-849C-41A7-A208-2BC1F8866E09}"
EndProject
Global
	GlobalSection(SolutionConfigurationPlatforms) = preSolution
		Debug|Any CPU = Debug|Any CPU
		Release|Any CPU = Release|Any CPU
	EndGlobalSection
	GlobalSection(ProjectConfigurationPlatforms) = postSolution
		{05F70C49-5E72-48C1-9042-E4F19127B5E8}.Debug|Any CPU.ActiveCfg = Debug|Any CPU
		{05F70C49-5E72-48C1-9042-E4F19127B5E8}.Debug|Any CPU.Build.0 = Debug|Any CPU
		{05F70C49-5E72-48C1-9042-E4F19127B5E8}.Release|Any CPU.ActiveCfg = Release|Any CPU
		{05F70C49-5E72-48C1-9042-E4F19127B5E8}.Release|Any CPU.Build.0 = Release|Any CPU
		{40EFE0C6-94E4-4C48-B320-2214B03A45BC}.Debug|Any CPU.ActiveCfg = Debug|Any CPU
		{40EFE0C6-94E4-4C48-B320-2214B03A45BC}.Debug|Any CPU.Build.0 = Debug|Any CPU
		{40EFE0C6-94E4-4C48-B320-2214B03A45BC}.Release|Any CPU.ActiveCfg = Release|Any CPU
		{40EFE0C6-94E4-4C48-B320-2214B03A45BC}.Release|Any CPU.Build.0 = Release|Any CPU
		{2A6A4F95-849C-41A7-A208-2BC1F8866E09}.Debug|Any CPU.ActiveCfg = Debug|Any CPU
		{2A6A4F95-849C-41A7-A208-2BC1F8866E09}.Debug|Any CPU.Build.0 = Debug|Any CPU
		{2A6A4F95-849C-41A7-A208-2BC1F8866E09}.Release|Any CPU.ActiveCfg = Release|Any CPU
		{2A6A4F95-849C-41A7-A208-2BC1F8866E09}.Release|Any CPU.Build.0 = Release|Any CPU
	EndGlobalSection
	GlobalSection(SolutionProperties) = preSolution
		HideSolutionNode = FALSE
	EndGlobalSection
	GlobalSection(ExtensibilityGlobals) = postSolution
		SolutionGuid = {DB0AC546-24B6-4292-B0ED-6EFFE18FE61E}
	EndGlobalSection
EndGlobal
