
Microsoft Visual Studio Solution File, Format Version 12.00
# Visual Studio Version 17
VisualStudioVersion = 17.3.32929.385
MinimumVisualStudioVersion = 10.0.40219.1
Project("{FAE04EC0-301F-11D3-BF4B-00C04F79EFBC}") = "BlazorApp1", "BlazorApp1\BlazorApp1.csproj", "{02F14D54-199B-4E12-8270-06DE879EC65B}"
EndProject
Global
	GlobalSection(SolutionConfigurationPlatforms) = preSolution
		Debug|Any CPU = Debug|Any CPU
		Release|Any CPU = Release|Any CPU
	EndGlobalSection
	GlobalSection(ProjectConfigurationPlatforms) = postSolution
		{02F14D54-199B-4E12-8270-06DE879EC65B}.Debug|Any CPU.ActiveCfg = Debug|Any CPU
		{02F14D54-199B-4E12-8270-06DE879EC65B}.Debug|Any CPU.Build.0 = Debug|Any CPU
		{02F14D54-199B-4E12-8270-06DE879EC65B}.Release|Any CPU.ActiveCfg = Release|Any CPU
		{02F14D54-199B-4E12-8270-06DE879EC65B}.Release|Any CPU.Build.0 = Release|Any CPU
	EndGlobalSection
	GlobalSection(SolutionProperties) = preSolution
		HideSolutionNode = FALSE
	EndGlobalSection
	GlobalSection(ExtensibilityGlobals) = postSolution
		SolutionGuid = {029611AD-A577-49FF-B52C-D02B4EB63BB5}
	EndGlobalSection
EndGlobal
