
Microsoft Visual Studio Solution File, Format Version 12.00
# Visual Studio Version 17
VisualStudioVersion = 17.3.32929.385
MinimumVisualStudioVersion = 10.0.40219.1
Project("{9A19103F-16F7-4668-BE54-9A1E7A4F7556}") = "CacheTestNetFramework", "CashTest\CacheTestNetFramework.csproj", "{1244615F-3A12-4013-8441-246B1D2D2363}"
EndProject
Project("{9A19103F-16F7-4668-BE54-9A1E7A4F7556}") = "CacheTestNet6", "CacheTestNet6\CacheTestNet6.csproj", "{A0ACC78C-F7C1-494E-892F-E75FD3BB4F4B}"
EndProject
Project("{9A19103F-16F7-4668-BE54-9A1E7A4F7556}") = "Medrio.Caching.Abstraction", "Caching.Core\Medrio.Caching.Abstraction.csproj", "{C27095E8-C809-48ED-881F-5D62EB57934C}"
EndProject
Project("{9A19103F-16F7-4668-BE54-9A1E7A4F7556}") = "Medrio.Caching.InMemoryCache", "Medrio.Caching.InMemoryCache\Medrio.Caching.InMemoryCache.csproj", "{E7F970DE-2DA5-4E59-94FA-39E76BF7C4DC}"
EndProject
Project("{9A19103F-16F7-4668-BE54-9A1E7A4F7556}") = "Medrio.Caching.RedisDistributedCache", "Medrio.Caching.DistributedCache\Medrio.Caching.RedisDistributedCache.csproj", "{FD92147C-F53C-4286-BC8D-91D704DABA66}"
EndProject
Project("{9A19103F-16F7-4668-BE54-9A1E7A4F7556}") = "Medrio.Caching.Dependencies", "Medrio.Caching.Abstraction.Dependencies\Medrio.Caching.Dependencies.csproj", "{B038AA4C-0E28-4550-B90B-3D540CFD6B3F}"
EndProject
Project("{9A19103F-16F7-4668-BE54-9A1E7A4F7556}") = "Medrio.Caching.InMemoryInvalidationService", "Medrio.Caching.Invalidation\Medrio.Caching.InMemoryInvalidationService.csproj", "{AC44511B-51B1-4160-96F8-0F1DF3CABD32}"
EndProject
Project("{9A19103F-16F7-4668-BE54-9A1E7A4F7556}") = "Medrio.Caching.DataChangeNotification", "Medrio.Caching.DataChange\Medrio.Caching.DataChangeNotification.csproj", "{6FF18DB7-2918-4F02-856E-A9BDAFC85254}"
EndProject
Project("{2150E333-8FDC-42A3-9474-1A3956D46DE8}") = "Caching", "Caching", "{92DACB0F-2234-4B6C-A93A-45A9C5D219AF}"
EndProject
Project("{2150E333-8FDC-42A3-9474-1A3956D46DE8}") = "UnitTests", "UnitTests", "{F6965131-5DB2-4509-8C7F-E588D770A026}"
EndProject
Project("{2150E333-8FDC-42A3-9474-1A3956D46DE8}") = "Invalidation", "Invalidation", "{8AF6E3EB-D9DE-40C7-9AA5-495F14BB909C}"
EndProject
Project("{9A19103F-16F7-4668-BE54-9A1E7A4F7556}") = "Medrio.Caching.DataChangeNotification.Redis", "Medrio.Caching.DataChangeNotification.Redis\Medrio.Caching.DataChangeNotification.Redis.csproj", "{1CE82D05-D5BA-490F-B487-679F66914FE6}"
EndProject
Project("{FAE04EC0-301F-11D3-BF4B-00C04F79EFBC}") = "TestsShared", "Tests\TestsShared\TestsShared.csproj", "{0234ECD9-2353-49F4-B2AB-51A6AFB6FE2B}"
EndProject
Global
	GlobalSection(SolutionConfigurationPlatforms) = preSolution
		Debug|Any CPU = Debug|Any CPU
		Release|Any CPU = Release|Any CPU
	EndGlobalSection
	GlobalSection(ProjectConfigurationPlatforms) = postSolution
		{1244615F-3A12-4013-8441-246B1D2D2363}.Debug|Any CPU.ActiveCfg = Debug|Any CPU
		{1244615F-3A12-4013-8441-246B1D2D2363}.Debug|Any CPU.Build.0 = Debug|Any CPU
		{1244615F-3A12-4013-8441-246B1D2D2363}.Release|Any CPU.ActiveCfg = Release|Any CPU
		{1244615F-3A12-4013-8441-246B1D2D2363}.Release|Any CPU.Build.0 = Release|Any CPU
		{A0ACC78C-F7C1-494E-892F-E75FD3BB4F4B}.Debug|Any CPU.ActiveCfg = Debug|Any CPU
		{A0ACC78C-F7C1-494E-892F-E75FD3BB4F4B}.Debug|Any CPU.Build.0 = Debug|Any CPU
		{A0ACC78C-F7C1-494E-892F-E75FD3BB4F4B}.Release|Any CPU.ActiveCfg = Release|Any CPU
		{A0ACC78C-F7C1-494E-892F-E75FD3BB4F4B}.Release|Any CPU.Build.0 = Release|Any CPU
		{C27095E8-C809-48ED-881F-5D62EB57934C}.Debug|Any CPU.ActiveCfg = Debug|Any CPU
		{C27095E8-C809-48ED-881F-5D62EB57934C}.Debug|Any CPU.Build.0 = Debug|Any CPU
		{C27095E8-C809-48ED-881F-5D62EB57934C}.Release|Any CPU.ActiveCfg = Release|Any CPU
		{C27095E8-C809-48ED-881F-5D62EB57934C}.Release|Any CPU.Build.0 = Release|Any CPU
		{E7F970DE-2DA5-4E59-94FA-39E76BF7C4DC}.Debug|Any CPU.ActiveCfg = Debug|Any CPU
		{E7F970DE-2DA5-4E59-94FA-39E76BF7C4DC}.Debug|Any CPU.Build.0 = Debug|Any CPU
		{E7F970DE-2DA5-4E59-94FA-39E76BF7C4DC}.Release|Any CPU.ActiveCfg = Release|Any CPU
		{E7F970DE-2DA5-4E59-94FA-39E76BF7C4DC}.Release|Any CPU.Build.0 = Release|Any CPU
		{FD92147C-F53C-4286-BC8D-91D704DABA66}.Debug|Any CPU.ActiveCfg = Debug|Any CPU
		{FD92147C-F53C-4286-BC8D-91D704DABA66}.Debug|Any CPU.Build.0 = Debug|Any CPU
		{FD92147C-F53C-4286-BC8D-91D704DABA66}.Release|Any CPU.ActiveCfg = Release|Any CPU
		{FD92147C-F53C-4286-BC8D-91D704DABA66}.Release|Any CPU.Build.0 = Release|Any CPU
		{B038AA4C-0E28-4550-B90B-3D540CFD6B3F}.Debug|Any CPU.ActiveCfg = Debug|Any CPU
		{B038AA4C-0E28-4550-B90B-3D540CFD6B3F}.Debug|Any CPU.Build.0 = Debug|Any CPU
		{B038AA4C-0E28-4550-B90B-3D540CFD6B3F}.Release|Any CPU.ActiveCfg = Release|Any CPU
		{B038AA4C-0E28-4550-B90B-3D540CFD6B3F}.Release|Any CPU.Build.0 = Release|Any CPU
		{AC44511B-51B1-4160-96F8-0F1DF3CABD32}.Debug|Any CPU.ActiveCfg = Debug|Any CPU
		{AC44511B-51B1-4160-96F8-0F1DF3CABD32}.Debug|Any CPU.Build.0 = Debug|Any CPU
		{AC44511B-51B1-4160-96F8-0F1DF3CABD32}.Release|Any CPU.ActiveCfg = Release|Any CPU
		{AC44511B-51B1-4160-96F8-0F1DF3CABD32}.Release|Any CPU.Build.0 = Release|Any CPU
		{6FF18DB7-2918-4F02-856E-A9BDAFC85254}.Debug|Any CPU.ActiveCfg = Debug|Any CPU
		{6FF18DB7-2918-4F02-856E-A9BDAFC85254}.Debug|Any CPU.Build.0 = Debug|Any CPU
		{6FF18DB7-2918-4F02-856E-A9BDAFC85254}.Release|Any CPU.ActiveCfg = Release|Any CPU
		{6FF18DB7-2918-4F02-856E-A9BDAFC85254}.Release|Any CPU.Build.0 = Release|Any CPU
		{1CE82D05-D5BA-490F-B487-679F66914FE6}.Debug|Any CPU.ActiveCfg = Debug|Any CPU
		{1CE82D05-D5BA-490F-B487-679F66914FE6}.Debug|Any CPU.Build.0 = Debug|Any CPU
		{1CE82D05-D5BA-490F-B487-679F66914FE6}.Release|Any CPU.ActiveCfg = Release|Any CPU
		{1CE82D05-D5BA-490F-B487-679F66914FE6}.Release|Any CPU.Build.0 = Release|Any CPU
		{0234ECD9-2353-49F4-B2AB-51A6AFB6FE2B}.Debug|Any CPU.ActiveCfg = Debug|Any CPU
		{0234ECD9-2353-49F4-B2AB-51A6AFB6FE2B}.Debug|Any CPU.Build.0 = Debug|Any CPU
		{0234ECD9-2353-49F4-B2AB-51A6AFB6FE2B}.Release|Any CPU.ActiveCfg = Release|Any CPU
		{0234ECD9-2353-49F4-B2AB-51A6AFB6FE2B}.Release|Any CPU.Build.0 = Release|Any CPU
	EndGlobalSection
	GlobalSection(SolutionProperties) = preSolution
		HideSolutionNode = FALSE
	EndGlobalSection
	GlobalSection(NestedProjects) = preSolution
		{1244615F-3A12-4013-8441-246B1D2D2363} = {F6965131-5DB2-4509-8C7F-E588D770A026}
		{A0ACC78C-F7C1-494E-892F-E75FD3BB4F4B} = {F6965131-5DB2-4509-8C7F-E588D770A026}
		{C27095E8-C809-48ED-881F-5D62EB57934C} = {92DACB0F-2234-4B6C-A93A-45A9C5D219AF}
		{E7F970DE-2DA5-4E59-94FA-39E76BF7C4DC} = {92DACB0F-2234-4B6C-A93A-45A9C5D219AF}
		{FD92147C-F53C-4286-BC8D-91D704DABA66} = {92DACB0F-2234-4B6C-A93A-45A9C5D219AF}
		{B038AA4C-0E28-4550-B90B-3D540CFD6B3F} = {8AF6E3EB-D9DE-40C7-9AA5-495F14BB909C}
		{AC44511B-51B1-4160-96F8-0F1DF3CABD32} = {8AF6E3EB-D9DE-40C7-9AA5-495F14BB909C}
		{6FF18DB7-2918-4F02-856E-A9BDAFC85254} = {8AF6E3EB-D9DE-40C7-9AA5-495F14BB909C}
		{1CE82D05-D5BA-490F-B487-679F66914FE6} = {8AF6E3EB-D9DE-40C7-9AA5-495F14BB909C}
		{0234ECD9-2353-49F4-B2AB-51A6AFB6FE2B} = {F6965131-5DB2-4509-8C7F-E588D770A026}
	EndGlobalSection
	GlobalSection(ExtensibilityGlobals) = postSolution
		SolutionGuid = {D30E3089-5863-49E3-9313-1CE150A135C4}
	EndGlobalSection
EndGlobal
