
Microsoft Visual Studio Solution File, Format Version 12.00
# Visual Studio Version 17
VisualStudioVersion = 17.7.34031.279
MinimumVisualStudioVersion = 10.0.40219.1
Project("{FAE04EC0-301F-11D3-BF4B-00C04F79EFBC}") = "DotNetStandardClassLibrary1", "DotNetStandardClassLibrary1\DotNetStandardClassLibrary1.csproj", "{133B8715-5644-4266-8C5C-E0993476E7CE}"
EndProject
Project("{FAE04EC0-301F-11D3-BF4B-00C04F79EFBC}") = "DotNetFrameworkClassLibrary1", "DotNetFrameworkClassLibrary1\DotNetFrameworkClassLibrary1.csproj", "{75D7329D-6870-4CF9-996E-090AB93B4560}"
EndProject
Project("{FAE04EC0-301F-11D3-BF4B-00C04F79EFBC}") = "DotNetFramework472ConsoleApp1", "DotNetFramework472ConsoleApp1\DotNetFramework472ConsoleApp1.csproj", "{17F2EBF7-2404-4B26-A894-4123C0B4CC0B}"
EndProject
Global
	GlobalSection(SolutionConfigurationPlatforms) = preSolution
		Debug|Any CPU = Debug|Any CPU
		Release|Any CPU = Release|Any CPU
	EndGlobalSection
	GlobalSection(ProjectConfigurationPlatforms) = postSolution
		{133B8715-5644-4266-8C5C-E0993476E7CE}.Debug|Any CPU.ActiveCfg = Debug|Any CPU
		{133B8715-5644-4266-8C5C-E0993476E7CE}.Debug|Any CPU.Build.0 = Debug|Any CPU
		{133B8715-5644-4266-8C5C-E0993476E7CE}.Release|Any CPU.ActiveCfg = Release|Any CPU
		{133B8715-5644-4266-8C5C-E0993476E7CE}.Release|Any CPU.Build.0 = Release|Any CPU
		{75D7329D-6870-4CF9-996E-090AB93B4560}.Debug|Any CPU.ActiveCfg = Debug|Any CPU
		{75D7329D-6870-4CF9-996E-090AB93B4560}.Debug|Any CPU.Build.0 = Debug|Any CPU
		{75D7329D-6870-4CF9-996E-090AB93B4560}.Release|Any CPU.ActiveCfg = Release|Any CPU
		{75D7329D-6870-4CF9-996E-090AB93B4560}.Release|Any CPU.Build.0 = Release|Any CPU
		{17F2EBF7-2404-4B26-A894-4123C0B4CC0B}.Debug|Any CPU.ActiveCfg = Debug|Any CPU
		{17F2EBF7-2404-4B26-A894-4123C0B4CC0B}.Debug|Any CPU.Build.0 = Debug|Any CPU
		{17F2EBF7-2404-4B26-A894-4123C0B4CC0B}.Release|Any CPU.ActiveCfg = Release|Any CPU
		{17F2EBF7-2404-4B26-A894-4123C0B4CC0B}.Release|Any CPU.Build.0 = Release|Any CPU
	EndGlobalSection
	GlobalSection(SolutionProperties) = preSolution
		HideSolutionNode = FALSE
	EndGlobalSection
	GlobalSection(ExtensibilityGlobals) = postSolution
		SolutionGuid = {01E95558-E1B2-45B3-BC83-AC1A5DA457EB}
	EndGlobalSection
EndGlobal
